
Microsoft Visual Studio Solution File, Format Version 12.00
# Visual Studio Version 17
VisualStudioVersion = 17.5.002.0
MinimumVisualStudioVersion = 10.0.40219.1
Project("{9A19103F-16F7-4668-BE54-9A1E7A4F7556}") = "Starter", "Starter\Starter.csproj", "{32EB50C1-33D6-4DB3-AEB5-5FAEA8F4623F}"
EndProject
Project("{9A19103F-16F7-4668-BE54-9A1E7A4F7556}") = "Final", "Final\Final.csproj", "{4EEAE1C6-5BA7-46CC-9843-3EB80FC0E550}"
EndProject
Global
	GlobalSection(SolutionConfigurationPlatforms) = preSolution
		Debug|Any CPU = Debug|Any CPU
		Release|Any CPU = Release|Any CPU
	EndGlobalSection
	GlobalSection(ProjectConfigurationPlatforms) = postSolution
		{32EB50C1-33D6-4DB3-AEB5-5FAEA8F4623F}.Debug|Any CPU.ActiveCfg = Debug|Any CPU
		{32EB50C1-33D6-4DB3-AEB5-5FAEA8F4623F}.Debug|Any CPU.Build.0 = Debug|Any CPU
		{32EB50C1-33D6-4DB3-AEB5-5FAEA8F4623F}.Release|Any CPU.ActiveCfg = Release|Any CPU
		{32EB50C1-33D6-4DB3-AEB5-5FAEA8F4623F}.Release|Any CPU.Build.0 = Release|Any CPU
		{4EEAE1C6-5BA7-46CC-9843-3EB80FC0E550}.Debug|Any CPU.ActiveCfg = Debug|Any CPU
		{4EEAE1C6-5BA7-46CC-9843-3EB80FC0E550}.Debug|Any CPU.Build.0 = Debug|Any CPU
		{4EEAE1C6-5BA7-46CC-9843-3EB80FC0E550}.Release|Any CPU.ActiveCfg = Release|Any CPU
		{4EEAE1C6-5BA7-46CC-9843-3EB80FC0E550}.Release|Any CPU.Build.0 = Release|Any CPU
	EndGlobalSection
	GlobalSection(SolutionProperties) = preSolution
		HideSolutionNode = FALSE
	EndGlobalSection
	GlobalSection(ExtensibilityGlobals) = postSolution
		SolutionGuid = {BFAC0010-4037-4917-B800-79FD2D13621D}
	EndGlobalSection
EndGlobal
